
Microsoft Visual Studio Solution File, Format Version 12.00
# Visual Studio 14
VisualStudioVersion = 14.0.25123.0
MinimumVisualStudioVersion = 10.0.40219.1
Project("{2150E333-8FDC-42A3-9474-1A3956D46DE8}") = "PartyNow", "PartyNow", "{4CCFEDAF-6452-4AC1-870D-3D876B4C645F}"
EndProject
Project("{D954291E-2A0B-460D-934E-DC6B0785DB48}") = "PartyNow.Mobile.Shared", "src\PartyNow.Mobile\PartyNow.Mobile.Shared\PartyNow.Mobile.Shared.shproj", "{873C0A26-BE6F-44C8-A10A-BE05A2A6960F}"
EndProject
Project("{FAE04EC0-301F-11D3-BF4B-00C04F79EFBC}") = "PartyNow.Mobile.Windows", "src\PartyNow.Mobile\PartyNow.Mobile.Windows\PartyNow.Mobile.Windows.csproj", "{22EFFE38-8BC3-4219-B1EF-F68C3B0FB9DF}"
EndProject
Project("{FAE04EC0-301F-11D3-BF4B-00C04F79EFBC}") = "PartyNow.Mobile.WindowsPhone", "src\PartyNow.Mobile\PartyNow.Mobile.WindowsPhone\PartyNow.Mobile.WindowsPhone.csproj", "{C60EBEA0-FAFF-46F2-B071-DA9F00562A86}"
EndProject
Project("{FAE04EC0-301F-11D3-BF4B-00C04F79EFBC}") = "PartyNow.DataContract.Tests", "test\PartyNow.DataContract.Tests\PartyNow.DataContract.Tests.csproj", "{8E362A74-9FDA-4CD8-8727-CC5289B6CA55}"
EndProject
Project("{FAE04EC0-301F-11D3-BF4B-00C04F79EFBC}") = "PartyNow.DataContract", "src\PartyNow.DataContract\PartyNow.DataContract.csproj", "{3EA9E87C-A55F-485C-BED9-011F4AB82054}"
EndProject
Global
	GlobalSection(SharedMSBuildProjectFiles) = preSolution
		src\PartyNow.Mobile\PartyNow.Mobile.Shared\PartyNow.Mobile.Shared.projitems*{873c0a26-be6f-44c8-a10a-be05a2a6960f}*SharedItemsImports = 13
		src\PartyNow.Mobile\PartyNow.Mobile.Shared\PartyNow.Mobile.Shared.projitems*{c60ebea0-faff-46f2-b071-da9f00562a86}*SharedItemsImports = 4
		src\PartyNow.Mobile\PartyNow.Mobile.Shared\PartyNow.Mobile.Shared.projitems*{22effe38-8bc3-4219-b1ef-f68c3b0fb9df}*SharedItemsImports = 4
	EndGlobalSection
	GlobalSection(SolutionConfigurationPlatforms) = preSolution
		Debug|Any CPU = Debug|Any CPU
		Debug|ARM = Debug|ARM
		Debug|x64 = Debug|x64
		Debug|x86 = Debug|x86
		Release|Any CPU = Release|Any CPU
		Release|ARM = Release|ARM
		Release|x64 = Release|x64
		Release|x86 = Release|x86
	EndGlobalSection
	GlobalSection(ProjectConfigurationPlatforms) = postSolution
		{22EFFE38-8BC3-4219-B1EF-F68C3B0FB9DF}.Debug|Any CPU.ActiveCfg = Debug|Any CPU
		{22EFFE38-8BC3-4219-B1EF-F68C3B0FB9DF}.Debug|Any CPU.Build.0 = Debug|Any CPU
		{22EFFE38-8BC3-4219-B1EF-F68C3B0FB9DF}.Debug|Any CPU.Deploy.0 = Debug|Any CPU
		{22EFFE38-8BC3-4219-B1EF-F68C3B0FB9DF}.Debug|ARM.ActiveCfg = Debug|ARM
		{22EFFE38-8BC3-4219-B1EF-F68C3B0FB9DF}.Debug|ARM.Build.0 = Debug|ARM
		{22EFFE38-8BC3-4219-B1EF-F68C3B0FB9DF}.Debug|ARM.Deploy.0 = Debug|ARM
		{22EFFE38-8BC3-4219-B1EF-F68C3B0FB9DF}.Debug|x64.ActiveCfg = Debug|x64
		{22EFFE38-8BC3-4219-B1EF-F68C3B0FB9DF}.Debug|x64.Build.0 = Debug|x64
		{22EFFE38-8BC3-4219-B1EF-F68C3B0FB9DF}.Debug|x64.Deploy.0 = Debug|x64
		{22EFFE38-8BC3-4219-B1EF-F68C3B0FB9DF}.Debug|x86.ActiveCfg = Debug|x86
		{22EFFE38-8BC3-4219-B1EF-F68C3B0FB9DF}.Debug|x86.Build.0 = Debug|x86
		{22EFFE38-8BC3-4219-B1EF-F68C3B0FB9DF}.Debug|x86.Deploy.0 = Debug|x86
		{22EFFE38-8BC3-4219-B1EF-F68C3B0FB9DF}.Release|Any CPU.ActiveCfg = Release|Any CPU
		{22EFFE38-8BC3-4219-B1EF-F68C3B0FB9DF}.Release|Any CPU.Build.0 = Release|Any CPU
		{22EFFE38-8BC3-4219-B1EF-F68C3B0FB9DF}.Release|Any CPU.Deploy.0 = Release|Any CPU
		{22EFFE38-8BC3-4219-B1EF-F68C3B0FB9DF}.Release|ARM.ActiveCfg = Release|ARM
		{22EFFE38-8BC3-4219-B1EF-F68C3B0FB9DF}.Release|ARM.Build.0 = Release|ARM
		{22EFFE38-8BC3-4219-B1EF-F68C3B0FB9DF}.Release|ARM.Deploy.0 = Release|ARM
		{22EFFE38-8BC3-4219-B1EF-F68C3B0FB9DF}.Release|x64.ActiveCfg = Release|x64
		{22EFFE38-8BC3-4219-B1EF-F68C3B0FB9DF}.Release|x64.Build.0 = Release|x64
		{22EFFE38-8BC3-4219-B1EF-F68C3B0FB9DF}.Release|x64.Deploy.0 = Release|x64
		{22EFFE38-8BC3-4219-B1EF-F68C3B0FB9DF}.Release|x86.ActiveCfg = Release|x86
		{22EFFE38-8BC3-4219-B1EF-F68C3B0FB9DF}.Release|x86.Build.0 = Release|x86
		{22EFFE38-8BC3-4219-B1EF-F68C3B0FB9DF}.Release|x86.Deploy.0 = Release|x86
		{C60EBEA0-FAFF-46F2-B071-DA9F00562A86}.Debug|Any CPU.ActiveCfg = Debug|Any CPU
		{C60EBEA0-FAFF-46F2-B071-DA9F00562A86}.Debug|Any CPU.Build.0 = Debug|Any CPU
		{C60EBEA0-FAFF-46F2-B071-DA9F00562A86}.Debug|Any CPU.Deploy.0 = Debug|Any CPU
		{C60EBEA0-FAFF-46F2-B071-DA9F00562A86}.Debug|ARM.ActiveCfg = Debug|ARM
		{C60EBEA0-FAFF-46F2-B071-DA9F00562A86}.Debug|ARM.Build.0 = Debug|ARM
		{C60EBEA0-FAFF-46F2-B071-DA9F00562A86}.Debug|ARM.Deploy.0 = Debug|ARM
		{C60EBEA0-FAFF-46F2-B071-DA9F00562A86}.Debug|x64.ActiveCfg = Debug|Any CPU
		{C60EBEA0-FAFF-46F2-B071-DA9F00562A86}.Debug|x64.Build.0 = Debug|Any CPU
		{C60EBEA0-FAFF-46F2-B071-DA9F00562A86}.Debug|x64.Deploy.0 = Debug|Any CPU
		{C60EBEA0-FAFF-46F2-B071-DA9F00562A86}.Debug|x86.ActiveCfg = Debug|x86
		{C60EBEA0-FAFF-46F2-B071-DA9F00562A86}.Debug|x86.Build.0 = Debug|x86
		{C60EBEA0-FAFF-46F2-B071-DA9F00562A86}.Debug|x86.Deploy.0 = Debug|x86
		{C60EBEA0-FAFF-46F2-B071-DA9F00562A86}.Release|Any CPU.ActiveCfg = Release|Any CPU
		{C60EBEA0-FAFF-46F2-B071-DA9F00562A86}.Release|Any CPU.Build.0 = Release|Any CPU
		{C60EBEA0-FAFF-46F2-B071-DA9F00562A86}.Release|Any CPU.Deploy.0 = Release|Any CPU
		{C60EBEA0-FAFF-46F2-B071-DA9F00562A86}.Release|ARM.ActiveCfg = Release|ARM
		{C60EBEA0-FAFF-46F2-B071-DA9F00562A86}.Release|ARM.Build.0 = Release|ARM
		{C60EBEA0-FAFF-46F2-B071-DA9F00562A86}.Release|ARM.Deploy.0 = Release|ARM
		{C60EBEA0-FAFF-46F2-B071-DA9F00562A86}.Release|x64.ActiveCfg = Release|Any CPU
		{C60EBEA0-FAFF-46F2-B071-DA9F00562A86}.Release|x64.Build.0 = Release|Any CPU
		{C60EBEA0-FAFF-46F2-B071-DA9F00562A86}.Release|x64.Deploy.0 = Release|Any CPU
		{C60EBEA0-FAFF-46F2-B071-DA9F00562A86}.Release|x86.ActiveCfg = Release|x86
		{C60EBEA0-FAFF-46F2-B071-DA9F00562A86}.Release|x86.Build.0 = Release|x86
		{C60EBEA0-FAFF-46F2-B071-DA9F00562A86}.Release|x86.Deploy.0 = Release|x86
		{8E362A74-9FDA-4CD8-8727-CC5289B6CA55}.Debug|Any CPU.ActiveCfg = Debug|Any CPU
		{8E362A74-9FDA-4CD8-8727-CC5289B6CA55}.Debug|Any CPU.Build.0 = Debug|Any CPU
		{8E362A74-9FDA-4CD8-8727-CC5289B6CA55}.Debug|ARM.ActiveCfg = Debug|Any CPU
		{8E362A74-9FDA-4CD8-8727-CC5289B6CA55}.Debug|ARM.Build.0 = Debug|Any CPU
		{8E362A74-9FDA-4CD8-8727-CC5289B6CA55}.Debug|x64.ActiveCfg = Debug|Any CPU
		{8E362A74-9FDA-4CD8-8727-CC5289B6CA55}.Debug|x64.Build.0 = Debug|Any CPU
		{8E362A74-9FDA-4CD8-8727-CC5289B6CA55}.Debug|x86.ActiveCfg = Debug|Any CPU
		{8E362A74-9FDA-4CD8-8727-CC5289B6CA55}.Debug|x86.Build.0 = Debug|Any CPU
		{8E362A74-9FDA-4CD8-8727-CC5289B6CA55}.Release|Any CPU.ActiveCfg = Release|Any CPU
		{8E362A74-9FDA-4CD8-8727-CC5289B6CA55}.Release|Any CPU.Build.0 = Release|Any CPU
		{8E362A74-9FDA-4CD8-8727-CC5289B6CA55}.Release|ARM.ActiveCfg = Release|Any CPU
		{8E362A74-9FDA-4CD8-8727-CC5289B6CA55}.Release|ARM.Build.0 = Release|Any CPU
		{8E362A74-9FDA-4CD8-8727-CC5289B6CA55}.Release|x64.ActiveCfg = Release|Any CPU
		{8E362A74-9FDA-4CD8-8727-CC5289B6CA55}.Release|x64.Build.0 = Release|Any CPU
		{8E362A74-9FDA-4CD8-8727-CC5289B6CA55}.Release|x86.ActiveCfg = Release|Any CPU
		{8E362A74-9FDA-4CD8-8727-CC5289B6CA55}.Release|x86.Build.0 = Release|Any CPU
		{3EA9E87C-A55F-485C-BED9-011F4AB82054}.Debug|Any CPU.ActiveCfg = Debug|Any CPU
		{3EA9E87C-A55F-485C-BED9-011F4AB82054}.Debug|Any CPU.Build.0 = Debug|Any CPU
		{3EA9E87C-A55F-485C-BED9-011F4AB82054}.Debug|ARM.ActiveCfg = Debug|Any CPU
		{3EA9E87C-A55F-485C-BED9-011F4AB82054}.Debug|ARM.Build.0 = Debug|Any CPU
		{3EA9E87C-A55F-485C-BED9-011F4AB82054}.Debug|x64.ActiveCfg = Debug|Any CPU
		{3EA9E87C-A55F-485C-BED9-011F4AB82054}.Debug|x64.Build.0 = Debug|Any CPU
		{3EA9E87C-A55F-485C-BED9-011F4AB82054}.Debug|x86.ActiveCfg = Debug|Any CPU
		{3EA9E87C-A55F-485C-BED9-011F4AB82054}.Debug|x86.Build.0 = Debug|Any CPU
		{3EA9E87C-A55F-485C-BED9-011F4AB82054}.Release|Any CPU.ActiveCfg = Release|Any CPU
		{3EA9E87C-A55F-485C-BED9-011F4AB82054}.Release|Any CPU.Build.0 = Release|Any CPU
		{3EA9E87C-A55F-485C-BED9-011F4AB82054}.Release|ARM.ActiveCfg = Release|Any CPU
		{3EA9E87C-A55F-485C-BED9-011F4AB82054}.Release|ARM.Build.0 = Release|Any CPU
		{3EA9E87C-A55F-485C-BED9-011F4AB82054}.Release|x64.ActiveCfg = Release|Any CPU
		{3EA9E87C-A55F-485C-BED9-011F4AB82054}.Release|x64.Build.0 = Release|Any CPU
		{3EA9E87C-A55F-485C-BED9-011F4AB82054}.Release|x86.ActiveCfg = Release|Any CPU
		{3EA9E87C-A55F-485C-BED9-011F4AB82054}.Release|x86.Build.0 = Release|Any CPU
	EndGlobalSection
	GlobalSection(SolutionProperties) = preSolution
		HideSolutionNode = FALSE
	EndGlobalSection
	GlobalSection(NestedProjects) = preSolution
		{873C0A26-BE6F-44C8-A10A-BE05A2A6960F} = {4CCFEDAF-6452-4AC1-870D-3D876B4C645F}
		{22EFFE38-8BC3-4219-B1EF-F68C3B0FB9DF} = {4CCFEDAF-6452-4AC1-870D-3D876B4C645F}
		{C60EBEA0-FAFF-46F2-B071-DA9F00562A86} = {4CCFEDAF-6452-4AC1-870D-3D876B4C645F}
		{8E362A74-9FDA-4CD8-8727-CC5289B6CA55} = {4CCFEDAF-6452-4AC1-870D-3D876B4C645F}
		{3EA9E87C-A55F-485C-BED9-011F4AB82054} = {4CCFEDAF-6452-4AC1-870D-3D876B4C645F}
	EndGlobalSection
EndGlobal
